{
  "name": "@craftzdog/pouchdb-wrappers",
  "version": "4.2.0",
  "lockfileVersion": 1,
  "requires": true,
  "dependencies": {
    "promise-nodify": {
      "version": "1.0.2",
      "resolved": "https://registry.npmjs.org/promise-nodify/-/promise-nodify-1.0.2.tgz",
      "integrity": "sha1-DQ+xQ8M0ALAGG0flgSV1VwR9TFo="
    }
  }
}
